// !$*UTF8*$!
{
	archiveVersion = 1;
	classes = {
	};
	objectVersion = 46;
	objects = {

/* Begin PBXBuildFile section */
		212D39DE93BA6D90999047CD /* Pods_RoomRent.framework in Frameworks */ = {isa = PBXBuildFile; fileRef = E10184AC0278D4E52182C011 /* Pods_RoomRent.framework */; };
		DA5408C31EB1A71000F11BB4 /* SinglePostViewController.m in Sources */ = {isa = PBXBuildFile; fileRef = DA5408C21EB1A71000F11BB4 /* SinglePostViewController.m */; };
		DA74488E1EA87E8A00009FD3 /* AddressPickerViewController.m in Sources */ = {isa = PBXBuildFile; fileRef = DA74488D1EA87E8A00009FD3 /* AddressPickerViewController.m */; };
		DA7448901EA881A700009FD3 /* MapKit.framework in Frameworks */ = {isa = PBXBuildFile; fileRef = DA74488F1EA881A700009FD3 /* MapKit.framework */; };
		DA91A9981EA716B70073F123 /* AddRequestViewController.m in Sources */ = {isa = PBXBuildFile; fileRef = DA91A9971EA716B70073F123 /* AddRequestViewController.m */; };
		DAA3BE8E1E8CF9410092F8DD /* main.m in Sources */ = {isa = PBXBuildFile; fileRef = DAA3BE8D1E8CF9410092F8DD /* main.m */; };
		DAA3BE911E8CF9410092F8DD /* AppDelegate.m in Sources */ = {isa = PBXBuildFile; fileRef = DAA3BE901E8CF9410092F8DD /* AppDelegate.m */; };
		DAA3BE971E8CF9410092F8DD /* Account.storyboard in Resources */ = {isa = PBXBuildFile; fileRef = DAA3BE951E8CF9410092F8DD /* Account.storyboard */; };
		DAA3BE991E8CF9410092F8DD /* Assets.xcassets in Resources */ = {isa = PBXBuildFile; fileRef = DAA3BE981E8CF9410092F8DD /* Assets.xcassets */; };
		DAA3BE9C1E8CF9410092F8DD /* LaunchScreen.storyboard in Resources */ = {isa = PBXBuildFile; fileRef = DAA3BE9A1E8CF9410092F8DD /* LaunchScreen.storyboard */; };
		DAA4E51D1E9DE8AF00D165AF /* OfferTableViewCell.m in Sources */ = {isa = PBXBuildFile; fileRef = DAA4E51B1E9DE8AF00D165AF /* OfferTableViewCell.m */; };
		DAA4E51E1E9DE8AF00D165AF /* OfferTableViewCell.xib in Resources */ = {isa = PBXBuildFile; fileRef = DAA4E51C1E9DE8AF00D165AF /* OfferTableViewCell.xib */; };
		DAA980F91E95F88A0032727F /* User.m in Sources */ = {isa = PBXBuildFile; fileRef = DAA980F81E95F88A0032727F /* User.m */; };
		DAA980FD1E96178B0032727F /* APICaller.m in Sources */ = {isa = PBXBuildFile; fileRef = DAA980FC1E96178B0032727F /* APICaller.m */; };
		DAAF21251E9F549C0089249D /* SidebarViewController.m in Sources */ = {isa = PBXBuildFile; fileRef = DAAF21241E9F549C0089249D /* SidebarViewController.m */; };
		DAB5E38E1EA9BCDB0011AB67 /* Post.m in Sources */ = {isa = PBXBuildFile; fileRef = DAB5E38D1EA9BCDB0011AB67 /* Post.m */; };
		DAB666B61E94BD2700E83956 /* ResponseHandler.m in Sources */ = {isa = PBXBuildFile; fileRef = DAB666B51E94BD2700E83956 /* ResponseHandler.m */; };
		DAB6944E1E973E6900BD3498 /* ValidationHandler.m in Sources */ = {isa = PBXBuildFile; fileRef = DAB6944D1E973E6900BD3498 /* ValidationHandler.m */; };
		DAB992E51E9355A3003A6483 /* Main.storyboard in Resources */ = {isa = PBXBuildFile; fileRef = DAB992E41E9355A3003A6483 /* Main.storyboard */; };
		DAB992F51E9361D7003A6483 /* Alerter.m in Sources */ = {isa = PBXBuildFile; fileRef = DAB992F41E9361D7003A6483 /* Alerter.m */; };
		DAB992FF1E93938E003A6483 /* MyCircularUIButton.m in Sources */ = {isa = PBXBuildFile; fileRef = DAB992FC1E93938E003A6483 /* MyCircularUIButton.m */; };
		DAB993001E93938E003A6483 /* MyCustomUITextField.m in Sources */ = {isa = PBXBuildFile; fileRef = DAB992FE1E93938E003A6483 /* MyCustomUITextField.m */; };
		DAB993031E9393EA003A6483 /* KeyboardAvoidingViewController.m in Sources */ = {isa = PBXBuildFile; fileRef = DAB993021E9393EA003A6483 /* KeyboardAvoidingViewController.m */; };
		DAC149C41EA463C2001AA17D /* OfferViewController.m in Sources */ = {isa = PBXBuildFile; fileRef = DAC149BB1EA463C2001AA17D /* OfferViewController.m */; };
		DAC149C51EA463C2001AA17D /* RequestViewController.m in Sources */ = {isa = PBXBuildFile; fileRef = DAC149BE1EA463C2001AA17D /* RequestViewController.m */; };
		DAC149C61EA463C2001AA17D /* AddPostViewController.m in Sources */ = {isa = PBXBuildFile; fileRef = DAC149C11EA463C2001AA17D /* AddPostViewController.m */; };
		DAC149C71EA463C2001AA17D /* DashboardViewController.m in Sources */ = {isa = PBXBuildFile; fileRef = DAC149C31EA463C2001AA17D /* DashboardViewController.m */; };
		DAC149CA1EA46FA5001AA17D /* SidebarImplementedViewController.m in Sources */ = {isa = PBXBuildFile; fileRef = DAC149C91EA46FA5001AA17D /* SidebarImplementedViewController.m */; };
		DACAA4EE1EB6F41300B397D0 /* MapViewController.m in Sources */ = {isa = PBXBuildFile; fileRef = DACAA4ED1EB6F41300B397D0 /* MapViewController.m */; };
		DACAA4F01EB6FC2100B397D0 /* CoreLocation.framework in Frameworks */ = {isa = PBXBuildFile; fileRef = DACAA4EF1EB6FC2100B397D0 /* CoreLocation.framework */; };
		DAD538701E8E129A00F71D8B /* SignInViewController.m in Sources */ = {isa = PBXBuildFile; fileRef = DAD5386F1E8E129A00F71D8B /* SignInViewController.m */; };
		DAD538731E8E179B00F71D8B /* ForgotPasswordViewController.m in Sources */ = {isa = PBXBuildFile; fileRef = DAD538721E8E179B00F71D8B /* ForgotPasswordViewController.m */; };
		DAD538761E8E17A400F71D8B /* SignUpViewController.m in Sources */ = {isa = PBXBuildFile; fileRef = DAD538751E8E17A400F71D8B /* SignUpViewController.m */; };
/* End PBXBuildFile section */

/* Begin PBXFileReference section */
		14E9F01A7BD64946CC1AFAEC /* Pods-RoomRent.debug.xcconfig */ = {isa = PBXFileReference; includeInIndex = 1; lastKnownFileType = text.xcconfig; name = "Pods-RoomRent.debug.xcconfig"; path = "Pods/Target Support Files/Pods-RoomRent/Pods-RoomRent.debug.xcconfig"; sourceTree = "<group>"; };
		C4D758DB25427B22D989AC05 /* Pods-RoomRent.release.xcconfig */ = {isa = PBXFileReference; includeInIndex = 1; lastKnownFileType = text.xcconfig; name = "Pods-RoomRent.release.xcconfig"; path = "Pods/Target Support Files/Pods-RoomRent/Pods-RoomRent.release.xcconfig"; sourceTree = "<group>"; };
		DA5408C11EB1A71000F11BB4 /* SinglePostViewController.h */ = {isa = PBXFileReference; fileEncoding = 4; lastKnownFileType = sourcecode.c.h; path = SinglePostViewController.h; sourceTree = "<group>"; };
		DA5408C21EB1A71000F11BB4 /* SinglePostViewController.m */ = {isa = PBXFileReference; fileEncoding = 4; lastKnownFileType = sourcecode.c.objc; path = SinglePostViewController.m; sourceTree = "<group>"; };
		DA74488C1EA87E8A00009FD3 /* AddressPickerViewController.h */ = {isa = PBXFileReference; fileEncoding = 4; lastKnownFileType = sourcecode.c.h; path = AddressPickerViewController.h; sourceTree = "<group>"; };
		DA74488D1EA87E8A00009FD3 /* AddressPickerViewController.m */ = {isa = PBXFileReference; fileEncoding = 4; lastKnownFileType = sourcecode.c.objc; path = AddressPickerViewController.m; sourceTree = "<group>"; };
		DA74488F1EA881A700009FD3 /* MapKit.framework */ = {isa = PBXFileReference; lastKnownFileType = wrapper.framework; name = MapKit.framework; path = System/Library/Frameworks/MapKit.framework; sourceTree = SDKROOT; };
		DA91A9961EA716B70073F123 /* AddRequestViewController.h */ = {isa = PBXFileReference; fileEncoding = 4; lastKnownFileType = sourcecode.c.h; path = AddRequestViewController.h; sourceTree = "<group>"; };
		DA91A9971EA716B70073F123 /* AddRequestViewController.m */ = {isa = PBXFileReference; fileEncoding = 4; lastKnownFileType = sourcecode.c.objc; path = AddRequestViewController.m; sourceTree = "<group>"; };
		DAA3BE891E8CF9410092F8DD /* RoomRent.app */ = {isa = PBXFileReference; explicitFileType = wrapper.application; includeInIndex = 0; path = RoomRent.app; sourceTree = BUILT_PRODUCTS_DIR; };
		DAA3BE8D1E8CF9410092F8DD /* main.m */ = {isa = PBXFileReference; lastKnownFileType = sourcecode.c.objc; path = main.m; sourceTree = "<group>"; };
		DAA3BE8F1E8CF9410092F8DD /* AppDelegate.h */ = {isa = PBXFileReference; lastKnownFileType = sourcecode.c.h; path = AppDelegate.h; sourceTree = "<group>"; };
		DAA3BE901E8CF9410092F8DD /* AppDelegate.m */ = {isa = PBXFileReference; lastKnownFileType = sourcecode.c.objc; path = AppDelegate.m; sourceTree = "<group>"; };
		DAA3BE961E8CF9410092F8DD /* Base */ = {isa = PBXFileReference; lastKnownFileType = file.storyboard; name = Base; path = Base.lproj/Account.storyboard; sourceTree = "<group>"; };
		DAA3BE981E8CF9410092F8DD /* Assets.xcassets */ = {isa = PBXFileReference; lastKnownFileType = folder.assetcatalog; path = Assets.xcassets; sourceTree = "<group>"; };
		DAA3BE9B1E8CF9410092F8DD /* Base */ = {isa = PBXFileReference; lastKnownFileType = file.storyboard; name = Base; path = Base.lproj/LaunchScreen.storyboard; sourceTree = "<group>"; };
		DAA3BE9D1E8CF9410092F8DD /* Info.plist */ = {isa = PBXFileReference; lastKnownFileType = text.plist.xml; path = Info.plist; sourceTree = "<group>"; };
		DAA4E51A1E9DE8AF00D165AF /* OfferTableViewCell.h */ = {isa = PBXFileReference; fileEncoding = 4; lastKnownFileType = sourcecode.c.h; path = OfferTableViewCell.h; sourceTree = "<group>"; };
		DAA4E51B1E9DE8AF00D165AF /* OfferTableViewCell.m */ = {isa = PBXFileReference; fileEncoding = 4; lastKnownFileType = sourcecode.c.objc; path = OfferTableViewCell.m; sourceTree = "<group>"; };
		DAA4E51C1E9DE8AF00D165AF /* OfferTableViewCell.xib */ = {isa = PBXFileReference; fileEncoding = 4; lastKnownFileType = file.xib; path = OfferTableViewCell.xib; sourceTree = "<group>"; };
		DAA980F71E95F88A0032727F /* User.h */ = {isa = PBXFileReference; fileEncoding = 4; lastKnownFileType = sourcecode.c.h; path = User.h; sourceTree = "<group>"; };
		DAA980F81E95F88A0032727F /* User.m */ = {isa = PBXFileReference; fileEncoding = 4; lastKnownFileType = sourcecode.c.objc; path = User.m; sourceTree = "<group>"; };
		DAA980FB1E96178B0032727F /* APICaller.h */ = {isa = PBXFileReference; fileEncoding = 4; lastKnownFileType = sourcecode.c.h; path = APICaller.h; sourceTree = "<group>"; };
		DAA980FC1E96178B0032727F /* APICaller.m */ = {isa = PBXFileReference; fileEncoding = 4; lastKnownFileType = sourcecode.c.objc; path = APICaller.m; sourceTree = "<group>"; };
		DAAF21231E9F549C0089249D /* SidebarViewController.h */ = {isa = PBXFileReference; fileEncoding = 4; lastKnownFileType = sourcecode.c.h; path = SidebarViewController.h; sourceTree = "<group>"; };
		DAAF21241E9F549C0089249D /* SidebarViewController.m */ = {isa = PBXFileReference; fileEncoding = 4; lastKnownFileType = sourcecode.c.objc; path = SidebarViewController.m; sourceTree = "<group>"; };
		DAB5E38C1EA9BCDB0011AB67 /* Post.h */ = {isa = PBXFileReference; fileEncoding = 4; lastKnownFileType = sourcecode.c.h; path = Post.h; sourceTree = "<group>"; };
		DAB5E38D1EA9BCDB0011AB67 /* Post.m */ = {isa = PBXFileReference; fileEncoding = 4; lastKnownFileType = sourcecode.c.objc; path = Post.m; sourceTree = "<group>"; };
		DAB666B41E94BD2700E83956 /* ResponseHandler.h */ = {isa = PBXFileReference; fileEncoding = 4; lastKnownFileType = sourcecode.c.h; path = ResponseHandler.h; sourceTree = "<group>"; };
		DAB666B51E94BD2700E83956 /* ResponseHandler.m */ = {isa = PBXFileReference; fileEncoding = 4; lastKnownFileType = sourcecode.c.objc; path = ResponseHandler.m; sourceTree = "<group>"; };
		DAB6944C1E973E6900BD3498 /* ValidationHandler.h */ = {isa = PBXFileReference; fileEncoding = 4; lastKnownFileType = sourcecode.c.h; path = ValidationHandler.h; sourceTree = "<group>"; };
		DAB6944D1E973E6900BD3498 /* ValidationHandler.m */ = {isa = PBXFileReference; fileEncoding = 4; lastKnownFileType = sourcecode.c.objc; path = ValidationHandler.m; sourceTree = "<group>"; };
		DAB992E41E9355A3003A6483 /* Main.storyboard */ = {isa = PBXFileReference; fileEncoding = 4; lastKnownFileType = file.storyboard; path = Main.storyboard; sourceTree = "<group>"; };
		DAB992F41E9361D7003A6483 /* Alerter.m */ = {isa = PBXFileReference; fileEncoding = 4; lastKnownFileType = sourcecode.c.objc; path = Alerter.m; sourceTree = "<group>"; };
		DAB992F61E9361F4003A6483 /* Alerter.h */ = {isa = PBXFileReference; lastKnownFileType = sourcecode.c.h; path = Alerter.h; sourceTree = "<group>"; };
		DAB992FB1E93938E003A6483 /* MyCircularUIButton.h */ = {isa = PBXFileReference; fileEncoding = 4; lastKnownFileType = sourcecode.c.h; path = MyCircularUIButton.h; sourceTree = "<group>"; };
		DAB992FC1E93938E003A6483 /* MyCircularUIButton.m */ = {isa = PBXFileReference; fileEncoding = 4; lastKnownFileType = sourcecode.c.objc; path = MyCircularUIButton.m; sourceTree = "<group>"; };
		DAB992FD1E93938E003A6483 /* MyCustomUITextField.h */ = {isa = PBXFileReference; fileEncoding = 4; lastKnownFileType = sourcecode.c.h; path = MyCustomUITextField.h; sourceTree = "<group>"; };
		DAB992FE1E93938E003A6483 /* MyCustomUITextField.m */ = {isa = PBXFileReference; fileEncoding = 4; lastKnownFileType = sourcecode.c.objc; path = MyCustomUITextField.m; sourceTree = "<group>"; };
		DAB993011E9393EA003A6483 /* KeyboardAvoidingViewController.h */ = {isa = PBXFileReference; fileEncoding = 4; lastKnownFileType = sourcecode.c.h; path = KeyboardAvoidingViewController.h; sourceTree = "<group>"; };
		DAB993021E9393EA003A6483 /* KeyboardAvoidingViewController.m */ = {isa = PBXFileReference; fileEncoding = 4; lastKnownFileType = sourcecode.c.objc; path = KeyboardAvoidingViewController.m; sourceTree = "<group>"; };
		DAB993081E93BB19003A6483 /* Constants.h */ = {isa = PBXFileReference; lastKnownFileType = sourcecode.c.h; path = Constants.h; sourceTree = "<group>"; };
		DAC149BA1EA463C2001AA17D /* OfferViewController.h */ = {isa = PBXFileReference; fileEncoding = 4; lastKnownFileType = sourcecode.c.h; path = OfferViewController.h; sourceTree = "<group>"; };
		DAC149BB1EA463C2001AA17D /* OfferViewController.m */ = {isa = PBXFileReference; fileEncoding = 4; lastKnownFileType = sourcecode.c.objc; path = OfferViewController.m; sourceTree = "<group>"; };
		DAC149BD1EA463C2001AA17D /* RequestViewController.h */ = {isa = PBXFileReference; fileEncoding = 4; lastKnownFileType = sourcecode.c.h; path = RequestViewController.h; sourceTree = "<group>"; };
		DAC149BE1EA463C2001AA17D /* RequestViewController.m */ = {isa = PBXFileReference; fileEncoding = 4; lastKnownFileType = sourcecode.c.objc; path = RequestViewController.m; sourceTree = "<group>"; };
		DAC149C01EA463C2001AA17D /* AddPostViewController.h */ = {isa = PBXFileReference; fileEncoding = 4; lastKnownFileType = sourcecode.c.h; path = AddPostViewController.h; sourceTree = "<group>"; };
		DAC149C11EA463C2001AA17D /* AddPostViewController.m */ = {isa = PBXFileReference; fileEncoding = 4; lastKnownFileType = sourcecode.c.objc; path = AddPostViewController.m; sourceTree = "<group>"; };
		DAC149C21EA463C2001AA17D /* DashboardViewController.h */ = {isa = PBXFileReference; fileEncoding = 4; lastKnownFileType = sourcecode.c.h; path = DashboardViewController.h; sourceTree = "<group>"; };
		DAC149C31EA463C2001AA17D /* DashboardViewController.m */ = {isa = PBXFileReference; fileEncoding = 4; lastKnownFileType = sourcecode.c.objc; path = DashboardViewController.m; sourceTree = "<group>"; };
		DAC149C81EA46FA5001AA17D /* SidebarImplementedViewController.h */ = {isa = PBXFileReference; fileEncoding = 4; lastKnownFileType = sourcecode.c.h; path = SidebarImplementedViewController.h; sourceTree = "<group>"; };
		DAC149C91EA46FA5001AA17D /* SidebarImplementedViewController.m */ = {isa = PBXFileReference; fileEncoding = 4; lastKnownFileType = sourcecode.c.objc; path = SidebarImplementedViewController.m; sourceTree = "<group>"; };
		DACAA4EC1EB6F41300B397D0 /* MapViewController.h */ = {isa = PBXFileReference; fileEncoding = 4; lastKnownFileType = sourcecode.c.h; path = MapViewController.h; sourceTree = "<group>"; };
		DACAA4ED1EB6F41300B397D0 /* MapViewController.m */ = {isa = PBXFileReference; fileEncoding = 4; lastKnownFileType = sourcecode.c.objc; path = MapViewController.m; sourceTree = "<group>"; };
		DACAA4EF1EB6FC2100B397D0 /* CoreLocation.framework */ = {isa = PBXFileReference; lastKnownFileType = wrapper.framework; name = CoreLocation.framework; path = System/Library/Frameworks/CoreLocation.framework; sourceTree = SDKROOT; };
		DAD5386E1E8E129A00F71D8B /* SignInViewController.h */ = {isa = PBXFileReference; fileEncoding = 4; lastKnownFileType = sourcecode.c.h; path = SignInViewController.h; sourceTree = "<group>"; };
		DAD5386F1E8E129A00F71D8B /* SignInViewController.m */ = {isa = PBXFileReference; fileEncoding = 4; lastKnownFileType = sourcecode.c.objc; path = SignInViewController.m; sourceTree = "<group>"; };
		DAD538711E8E179B00F71D8B /* ForgotPasswordViewController.h */ = {isa = PBXFileReference; fileEncoding = 4; lastKnownFileType = sourcecode.c.h; path = ForgotPasswordViewController.h; sourceTree = "<group>"; };
		DAD538721E8E179B00F71D8B /* ForgotPasswordViewController.m */ = {isa = PBXFileReference; fileEncoding = 4; lastKnownFileType = sourcecode.c.objc; path = ForgotPasswordViewController.m; sourceTree = "<group>"; };
		DAD538741E8E17A400F71D8B /* SignUpViewController.h */ = {isa = PBXFileReference; fileEncoding = 4; lastKnownFileType = sourcecode.c.h; path = SignUpViewController.h; sourceTree = "<group>"; };
		DAD538751E8E17A400F71D8B /* SignUpViewController.m */ = {isa = PBXFileReference; fileEncoding = 4; lastKnownFileType = sourcecode.c.objc; path = SignUpViewController.m; sourceTree = "<group>"; };
		E10184AC0278D4E52182C011 /* Pods_RoomRent.framework */ = {isa = PBXFileReference; explicitFileType = wrapper.framework; includeInIndex = 0; path = Pods_RoomRent.framework; sourceTree = BUILT_PRODUCTS_DIR; };
/* End PBXFileReference section */

/* Begin PBXFrameworksBuildPhase section */
		DAA3BE861E8CF9410092F8DD /* Frameworks */ = {
			isa = PBXFrameworksBuildPhase;
			buildActionMask = 2147483647;
			files = (
				DACAA4F01EB6FC2100B397D0 /* CoreLocation.framework in Frameworks */,
				DA7448901EA881A700009FD3 /* MapKit.framework in Frameworks */,
				212D39DE93BA6D90999047CD /* Pods_RoomRent.framework in Frameworks */,
			);
			runOnlyForDeploymentPostprocessing = 0;
		};
/* End PBXFrameworksBuildPhase section */

/* Begin PBXGroup section */
		1D40B147EDFADCBB3C9654D7 /* Frameworks */ = {
			isa = PBXGroup;
			children = (
				DACAA4EF1EB6FC2100B397D0 /* CoreLocation.framework */,
				DA74488F1EA881A700009FD3 /* MapKit.framework */,
				E10184AC0278D4E52182C011 /* Pods_RoomRent.framework */,
			);
			name = Frameworks;
			sourceTree = "<group>";
		};
		287203AA47CB20CB0FAC094F /* Pods */ = {
			isa = PBXGroup;
			children = (
				14E9F01A7BD64946CC1AFAEC /* Pods-RoomRent.debug.xcconfig */,
				C4D758DB25427B22D989AC05 /* Pods-RoomRent.release.xcconfig */,
			);
			name = Pods;
			sourceTree = "<group>";
		};
		DAA3BE801E8CF9410092F8DD = {
			isa = PBXGroup;
			children = (
				DAA3BE8B1E8CF9410092F8DD /* RoomRent */,
				DAA3BE8A1E8CF9410092F8DD /* Products */,
				287203AA47CB20CB0FAC094F /* Pods */,
				1D40B147EDFADCBB3C9654D7 /* Frameworks */,
			);
			sourceTree = "<group>";
		};
		DAA3BE8A1E8CF9410092F8DD /* Products */ = {
			isa = PBXGroup;
			children = (
				DAA3BE891E8CF9410092F8DD /* RoomRent.app */,
			);
			name = Products;
			sourceTree = "<group>";
		};
		DAA3BE8B1E8CF9410092F8DD /* RoomRent */ = {
			isa = PBXGroup;
			children = (
				DAA3BE8F1E8CF9410092F8DD /* AppDelegate.h */,
				DAA3BE901E8CF9410092F8DD /* AppDelegate.m */,
				DAA3BE951E8CF9410092F8DD /* Account.storyboard */,
				DAB992E41E9355A3003A6483 /* Main.storyboard */,
				DAA3BEA71E8D0FA20092F8DD /* Helper */,
				DAB992FA1E939360003A6483 /* CustomClasses */,
				DAA3BEA81E8D0FA20092F8DD /* CustomViews */,
				DAB992F11E936120003A6483 /* Constants */,
				DAA980F61E95F88A0032727F /* Models */,
				DAA3BEA31E8D0ED00092F8DD /* ViewControllers */,
				DAA3BE981E8CF9410092F8DD /* Assets.xcassets */,
				DAA3BE9A1E8CF9410092F8DD /* LaunchScreen.storyboard */,
				DAA3BE9D1E8CF9410092F8DD /* Info.plist */,
				DAA3BE8C1E8CF9410092F8DD /* Supporting Files */,
			);
			path = RoomRent;
			sourceTree = "<group>";
		};
		DAA3BE8C1E8CF9410092F8DD /* Supporting Files */ = {
			isa = PBXGroup;
			children = (
				DAA3BE8D1E8CF9410092F8DD /* main.m */,
			);
			name = "Supporting Files";
			sourceTree = "<group>";
		};
		DAA3BEA31E8D0ED00092F8DD /* ViewControllers */ = {
			isa = PBXGroup;
			children = (
				DAB992E61E935EB5003A6483 /* Main */,
				DAD5386D1E8E129A00F71D8B /* AccountController */,
			);
			path = ViewControllers;
			sourceTree = "<group>";
		};
		DAA3BEA71E8D0FA20092F8DD /* Helper */ = {
			isa = PBXGroup;
			children = (
				DAB992F61E9361F4003A6483 /* Alerter.h */,
				DAB992F41E9361D7003A6483 /* Alerter.m */,
				DAB666B41E94BD2700E83956 /* ResponseHandler.h */,
				DAB666B51E94BD2700E83956 /* ResponseHandler.m */,
				DAA980FB1E96178B0032727F /* APICaller.h */,
				DAA980FC1E96178B0032727F /* APICaller.m */,
				DAB6944C1E973E6900BD3498 /* ValidationHandler.h */,
				DAB6944D1E973E6900BD3498 /* ValidationHandler.m */,
			);
			path = Helper;
			sourceTree = "<group>";
		};
		DAA3BEA81E8D0FA20092F8DD /* CustomViews */ = {
			isa = PBXGroup;
			children = (
				DAA4E51A1E9DE8AF00D165AF /* OfferTableViewCell.h */,
				DAA4E51B1E9DE8AF00D165AF /* OfferTableViewCell.m */,
				DAA4E51C1E9DE8AF00D165AF /* OfferTableViewCell.xib */,
			);
			path = CustomViews;
			sourceTree = "<group>";
		};
		DAA980F61E95F88A0032727F /* Models */ = {
			isa = PBXGroup;
			children = (
				DAA980F71E95F88A0032727F /* User.h */,
				DAA980F81E95F88A0032727F /* User.m */,
				DAB5E38C1EA9BCDB0011AB67 /* Post.h */,
				DAB5E38D1EA9BCDB0011AB67 /* Post.m */,
			);
			path = Models;
			sourceTree = "<group>";
		};
		DAB992E61E935EB5003A6483 /* Main */ = {
			isa = PBXGroup;
			children = (
				DAC149B91EA463C2001AA17D /* Offer */,
				DAC149BC1EA463C2001AA17D /* Request */,
				DAC149BF1EA463C2001AA17D /* Dashboard */,
				DAAF21231E9F549C0089249D /* SidebarViewController.h */,
				DAAF21241E9F549C0089249D /* SidebarViewController.m */,
			);
			path = Main;
			sourceTree = "<group>";
		};
		DAB992F11E936120003A6483 /* Constants */ = {
			isa = PBXGroup;
			children = (
				DAB993081E93BB19003A6483 /* Constants.h */,
			);
			path = Constants;
			sourceTree = "<group>";
		};
		DAB992FA1E939360003A6483 /* CustomClasses */ = {
			isa = PBXGroup;
			children = (
				DAB992FB1E93938E003A6483 /* MyCircularUIButton.h */,
				DAB992FC1E93938E003A6483 /* MyCircularUIButton.m */,
				DAB992FD1E93938E003A6483 /* MyCustomUITextField.h */,
				DAB992FE1E93938E003A6483 /* MyCustomUITextField.m */,
				DAB993011E9393EA003A6483 /* KeyboardAvoidingViewController.h */,
				DAB993021E9393EA003A6483 /* KeyboardAvoidingViewController.m */,
				DAC149C81EA46FA5001AA17D /* SidebarImplementedViewController.h */,
				DAC149C91EA46FA5001AA17D /* SidebarImplementedViewController.m */,
			);
			path = CustomClasses;
			sourceTree = "<group>";
		};
		DAC149B91EA463C2001AA17D /* Offer */ = {
			isa = PBXGroup;
			children = (
				DAC149BA1EA463C2001AA17D /* OfferViewController.h */,
				DAC149BB1EA463C2001AA17D /* OfferViewController.m */,
				DA5408C11EB1A71000F11BB4 /* SinglePostViewController.h */,
				DA5408C21EB1A71000F11BB4 /* SinglePostViewController.m */,
				DACAA4EC1EB6F41300B397D0 /* MapViewController.h */,
				DACAA4ED1EB6F41300B397D0 /* MapViewController.m */,
			);
			path = Offer;
			sourceTree = "<group>";
		};
		DAC149BC1EA463C2001AA17D /* Request */ = {
			isa = PBXGroup;
			children = (
				DAC149BD1EA463C2001AA17D /* RequestViewController.h */,
				DAC149BE1EA463C2001AA17D /* RequestViewController.m */,
			);
			path = Request;
			sourceTree = "<group>";
		};
		DAC149BF1EA463C2001AA17D /* Dashboard */ = {
			isa = PBXGroup;
			children = (
				DAC149C01EA463C2001AA17D /* AddPostViewController.h */,
				DAC149C11EA463C2001AA17D /* AddPostViewController.m */,
				DAC149C21EA463C2001AA17D /* DashboardViewController.h */,
				DAC149C31EA463C2001AA17D /* DashboardViewController.m */,
				DA91A9961EA716B70073F123 /* AddRequestViewController.h */,
				DA91A9971EA716B70073F123 /* AddRequestViewController.m */,
				DA74488C1EA87E8A00009FD3 /* AddressPickerViewController.h */,
				DA74488D1EA87E8A00009FD3 /* AddressPickerViewController.m */,
			);
			path = Dashboard;
			sourceTree = "<group>";
		};
		DAD5386D1E8E129A00F71D8B /* AccountController */ = {
			isa = PBXGroup;
			children = (
				DAD5386E1E8E129A00F71D8B /* SignInViewController.h */,
				DAD5386F1E8E129A00F71D8B /* SignInViewController.m */,
				DAD538711E8E179B00F71D8B /* ForgotPasswordViewController.h */,
				DAD538721E8E179B00F71D8B /* ForgotPasswordViewController.m */,
				DAD538741E8E17A400F71D8B /* SignUpViewController.h */,
				DAD538751E8E17A400F71D8B /* SignUpViewController.m */,
			);
			path = AccountController;
			sourceTree = "<group>";
		};
/* End PBXGroup section */

/* Begin PBXNativeTarget section */
		DAA3BE881E8CF9410092F8DD /* RoomRent */ = {
			isa = PBXNativeTarget;
			buildConfigurationList = DAA3BEA01E8CF9410092F8DD /* Build configuration list for PBXNativeTarget "RoomRent" */;
			buildPhases = (
				A08154D3921AC49347D445F8 /* [CP] Check Pods Manifest.lock */,
				DAA3BE851E8CF9410092F8DD /* Sources */,
				DAA3BE861E8CF9410092F8DD /* Frameworks */,
				DAA3BE871E8CF9410092F8DD /* Resources */,
				D190FC03B33FEE872700C609 /* [CP] Embed Pods Frameworks */,
				C01084701978F78772F47B3F /* [CP] Copy Pods Resources */,
			);
			buildRules = (
			);
			dependencies = (
			);
			name = RoomRent;
			productName = RoomRent;
			productReference = DAA3BE891E8CF9410092F8DD /* RoomRent.app */;
			productType = "com.apple.product-type.application";
		};
/* End PBXNativeTarget section */

/* Begin PBXProject section */
		DAA3BE811E8CF9410092F8DD /* Project object */ = {
			isa = PBXProject;
			attributes = {
				LastUpgradeCheck = 0820;
				ORGANIZATIONNAME = "Bishal Heuju";
				TargetAttributes = {
					DAA3BE881E8CF9410092F8DD = {
						CreatedOnToolsVersion = 8.2.1;
						LastSwiftMigration = 0820;
						ProvisioningStyle = Automatic;
					};
				};
			};
			buildConfigurationList = DAA3BE841E8CF9410092F8DD /* Build configuration list for PBXProject "RoomRent" */;
			compatibilityVersion = "Xcode 3.2";
			developmentRegion = English;
			hasScannedForEncodings = 0;
			knownRegions = (
				en,
				Base,
			);
			mainGroup = DAA3BE801E8CF9410092F8DD;
			productRefGroup = DAA3BE8A1E8CF9410092F8DD /* Products */;
			projectDirPath = "";
			projectRoot = "";
			targets = (
				DAA3BE881E8CF9410092F8DD /* RoomRent */,
			);
		};
/* End PBXProject section */

/* Begin PBXResourcesBuildPhase section */
		DAA3BE871E8CF9410092F8DD /* Resources */ = {
			isa = PBXResourcesBuildPhase;
			buildActionMask = 2147483647;
			files = (
				DAB992E51E9355A3003A6483 /* Main.storyboard in Resources */,
				DAA3BE9C1E8CF9410092F8DD /* LaunchScreen.storyboard in Resources */,
				DAA4E51E1E9DE8AF00D165AF /* OfferTableViewCell.xib in Resources */,
				DAA3BE991E8CF9410092F8DD /* Assets.xcassets in Resources */,
				DAA3BE971E8CF9410092F8DD /* Account.storyboard in Resources */,
			);
			runOnlyForDeploymentPostprocessing = 0;
		};
/* End PBXResourcesBuildPhase section */

/* Begin PBXShellScriptBuildPhase section */
		A08154D3921AC49347D445F8 /* [CP] Check Pods Manifest.lock */ = {
			isa = PBXShellScriptBuildPhase;
			buildActionMask = 2147483647;
			files = (
			);
			inputPaths = (
			);
			name = "[CP] Check Pods Manifest.lock";
			outputPaths = (
			);
			runOnlyForDeploymentPostprocessing = 0;
			shellPath = /bin/sh;
			shellScript = "diff \"${PODS_ROOT}/../Podfile.lock\" \"${PODS_ROOT}/Manifest.lock\" > /dev/null\nif [ $? != 0 ] ; then\n    # print error to STDERR\n    echo \"error: The sandbox is not in sync with the Podfile.lock. Run 'pod install' or update your CocoaPods installation.\" >&2\n    exit 1\nfi\n";
			showEnvVarsInLog = 0;
		};
		C01084701978F78772F47B3F /* [CP] Copy Pods Resources */ = {
			isa = PBXShellScriptBuildPhase;
			buildActionMask = 2147483647;
			files = (
			);
			inputPaths = (
			);
			name = "[CP] Copy Pods Resources";
			outputPaths = (
			);
			runOnlyForDeploymentPostprocessing = 0;
			shellPath = /bin/sh;
			shellScript = "\"${SRCROOT}/Pods/Target Support Files/Pods-RoomRent/Pods-RoomRent-resources.sh\"\n";
			showEnvVarsInLog = 0;
		};
		D190FC03B33FEE872700C609 /* [CP] Embed Pods Frameworks */ = {
			isa = PBXShellScriptBuildPhase;
			buildActionMask = 2147483647;
			files = (
			);
			inputPaths = (
			);
			name = "[CP] Embed Pods Frameworks";
			outputPaths = (
			);
			runOnlyForDeploymentPostprocessing = 0;
			shellPath = /bin/sh;
			shellScript = "\"${SRCROOT}/Pods/Target Support Files/Pods-RoomRent/Pods-RoomRent-frameworks.sh\"\n";
			showEnvVarsInLog = 0;
		};
/* End PBXShellScriptBuildPhase section */

/* Begin PBXSourcesBuildPhase section */
		DAA3BE851E8CF9410092F8DD /* Sources */ = {
			isa = PBXSourcesBuildPhase;
			buildActionMask = 2147483647;
			files = (
				DAB992FF1E93938E003A6483 /* MyCircularUIButton.m in Sources */,
				DAC149C41EA463C2001AA17D /* OfferViewController.m in Sources */,
				DAC149C71EA463C2001AA17D /* DashboardViewController.m in Sources */,
				DAD538731E8E179B00F71D8B /* ForgotPasswordViewController.m in Sources */,
				DA91A9981EA716B70073F123 /* AddRequestViewController.m in Sources */,
				DAA980FD1E96178B0032727F /* APICaller.m in Sources */,
				DAD538761E8E17A400F71D8B /* SignUpViewController.m in Sources */,
				DAB993001E93938E003A6483 /* MyCustomUITextField.m in Sources */,
				DAC149C51EA463C2001AA17D /* RequestViewController.m in Sources */,
				DAAF21251E9F549C0089249D /* SidebarViewController.m in Sources */,
				DAD538701E8E129A00F71D8B /* SignInViewController.m in Sources */,
				DAC149CA1EA46FA5001AA17D /* SidebarImplementedViewController.m in Sources */,
				DAB6944E1E973E6900BD3498 /* ValidationHandler.m in Sources */,
				DAA3BE911E8CF9410092F8DD /* AppDelegate.m in Sources */,
				DAB992F51E9361D7003A6483 /* Alerter.m in Sources */,
				DAB5E38E1EA9BCDB0011AB67 /* Post.m in Sources */,
				DAA980F91E95F88A0032727F /* User.m in Sources */,
				DAA4E51D1E9DE8AF00D165AF /* OfferTableViewCell.m in Sources */,
				DAC149C61EA463C2001AA17D /* AddPostViewController.m in Sources */,
				DAB993031E9393EA003A6483 /* KeyboardAvoidingViewController.m in Sources */,
				DA5408C31EB1A71000F11BB4 /* SinglePostViewController.m in Sources */,
				DA74488E1EA87E8A00009FD3 /* AddressPickerViewController.m in Sources */,
				DACAA4EE1EB6F41300B397D0 /* MapViewController.m in Sources */,
				DAA3BE8E1E8CF9410092F8DD /* main.m in Sources */,
				DAB666B61E94BD2700E83956 /* ResponseHandler.m in Sources */,
			);
			runOnlyForDeploymentPostprocessing = 0;
		};
/* End PBXSourcesBuildPhase section */

/* Begin PBXVariantGroup section */
		DAA3BE951E8CF9410092F8DD /* Account.storyboard */ = {
			isa = PBXVariantGroup;
			children = (
				DAA3BE961E8CF9410092F8DD /* Base */,
			);
			name = Account.storyboard;
			sourceTree = "<group>";
		};
		DAA3BE9A1E8CF9410092F8DD /* LaunchScreen.storyboard */ = {
			isa = PBXVariantGroup;
			children = (
				DAA3BE9B1E8CF9410092F8DD /* Base */,
			);
			name = LaunchScreen.storyboard;
			sourceTree = "<group>";
		};
/* End PBXVariantGroup section */

/* Begin XCBuildConfiguration section */
		DAA3BE9E1E8CF9410092F8DD /* Debug */ = {
			isa = XCBuildConfiguration;
			buildSettings = {
				ALWAYS_SEARCH_USER_PATHS = NO;
				CLANG_ANALYZER_NONNULL = YES;
				CLANG_CXX_LANGUAGE_STANDARD = "gnu++0x";
				CLANG_CXX_LIBRARY = "libc++";
				CLANG_ENABLE_MODULES = YES;
				CLANG_ENABLE_OBJC_ARC = YES;
				CLANG_WARN_BOOL_CONVERSION = YES;
				CLANG_WARN_CONSTANT_CONVERSION = YES;
				CLANG_WARN_DIRECT_OBJC_ISA_USAGE = YES_ERROR;
				CLANG_WARN_DOCUMENTATION_COMMENTS = YES;
				CLANG_WARN_EMPTY_BODY = YES;
				CLANG_WARN_ENUM_CONVERSION = YES;
				CLANG_WARN_INFINITE_RECURSION = YES;
				CLANG_WARN_INT_CONVERSION = YES;
				CLANG_WARN_OBJC_ROOT_CLASS = YES_ERROR;
				CLANG_WARN_SUSPICIOUS_MOVE = YES;
				CLANG_WARN_UNREACHABLE_CODE = YES;
				CLANG_WARN__DUPLICATE_METHOD_MATCH = YES;
				"CODE_SIGN_IDENTITY[sdk=iphoneos*]" = "iPhone Developer";
				COPY_PHASE_STRIP = NO;
				DEBUG_INFORMATION_FORMAT = dwarf;
				ENABLE_STRICT_OBJC_MSGSEND = YES;
				ENABLE_TESTABILITY = YES;
				GCC_C_LANGUAGE_STANDARD = gnu99;
				GCC_DYNAMIC_NO_PIC = NO;
				GCC_NO_COMMON_BLOCKS = YES;
				GCC_OPTIMIZATION_LEVEL = 0;
				GCC_PREPROCESSOR_DEFINITIONS = (
					"DEBUG=1",
					"$(inherited)",
				);
				GCC_WARN_64_TO_32_BIT_CONVERSION = YES;
				GCC_WARN_ABOUT_RETURN_TYPE = YES_ERROR;
				GCC_WARN_UNDECLARED_SELECTOR = YES;
				GCC_WARN_UNINITIALIZED_AUTOS = YES_AGGRESSIVE;
				GCC_WARN_UNUSED_FUNCTION = YES;
				GCC_WARN_UNUSED_VARIABLE = YES;
				IPHONEOS_DEPLOYMENT_TARGET = 10.2;
				MTL_ENABLE_DEBUG_INFO = YES;
				ONLY_ACTIVE_ARCH = YES;
				SDKROOT = iphoneos;
				TARGETED_DEVICE_FAMILY = "1,2";
			};
			name = Debug;
		};
		DAA3BE9F1E8CF9410092F8DD /* Release */ = {
			isa = XCBuildConfiguration;
			buildSettings = {
				ALWAYS_SEARCH_USER_PATHS = NO;
				CLANG_ANALYZER_NONNULL = YES;
				CLANG_CXX_LANGUAGE_STANDARD = "gnu++0x";
				CLANG_CXX_LIBRARY = "libc++";
				CLANG_ENABLE_MODULES = YES;
				CLANG_ENABLE_OBJC_ARC = YES;
				CLANG_WARN_BOOL_CONVERSION = YES;
				CLANG_WARN_CONSTANT_CONVERSION = YES;
				CLANG_WARN_DIRECT_OBJC_ISA_USAGE = YES_ERROR;
				CLANG_WARN_DOCUMENTATION_COMMENTS = YES;
				CLANG_WARN_EMPTY_BODY = YES;
				CLANG_WARN_ENUM_CONVERSION = YES;
				CLANG_WARN_INFINITE_RECURSION = YES;
				CLANG_WARN_INT_CONVERSION = YES;
				CLANG_WARN_OBJC_ROOT_CLASS = YES_ERROR;
				CLANG_WARN_SUSPICIOUS_MOVE = YES;
				CLANG_WARN_UNREACHABLE_CODE = YES;
				CLANG_WARN__DUPLICATE_METHOD_MATCH = YES;
				"CODE_SIGN_IDENTITY[sdk=iphoneos*]" = "iPhone Developer";
				COPY_PHASE_STRIP = NO;
				DEBUG_INFORMATION_FORMAT = "dwarf-with-dsym";
				ENABLE_NS_ASSERTIONS = NO;
				ENABLE_STRICT_OBJC_MSGSEND = YES;
				GCC_C_LANGUAGE_STANDARD = gnu99;
				GCC_NO_COMMON_BLOCKS = YES;
				GCC_WARN_64_TO_32_BIT_CONVERSION = YES;
				GCC_WARN_ABOUT_RETURN_TYPE = YES_ERROR;
				GCC_WARN_UNDECLARED_SELECTOR = YES;
				GCC_WARN_UNINITIALIZED_AUTOS = YES_AGGRESSIVE;
				GCC_WARN_UNUSED_FUNCTION = YES;
				GCC_WARN_UNUSED_VARIABLE = YES;
				IPHONEOS_DEPLOYMENT_TARGET = 10.2;
				MTL_ENABLE_DEBUG_INFO = NO;
				SDKROOT = iphoneos;
				TARGETED_DEVICE_FAMILY = "1,2";
				VALIDATE_PRODUCT = YES;
			};
			name = Release;
		};
		DAA3BEA11E8CF9410092F8DD /* Debug */ = {
			isa = XCBuildConfiguration;
			baseConfigurationReference = 14E9F01A7BD64946CC1AFAEC /* Pods-RoomRent.debug.xcconfig */;
			buildSettings = {
				ASSETCATALOG_COMPILER_APPICON_NAME = AppIcon;
				CLANG_ENABLE_MODULES = YES;
				INFOPLIST_FILE = RoomRent/Info.plist;
				LD_RUNPATH_SEARCH_PATHS = "$(inherited) @executable_path/Frameworks";
				PRODUCT_BUNDLE_IDENTIFIER = com.heuju.RoomRent;
				PRODUCT_NAME = "$(TARGET_NAME)";
				SWIFT_OPTIMIZATION_LEVEL = "-Onone";
				SWIFT_VERSION = 3.0;
			};
			name = Debug;
		};
		DAA3BEA21E8CF9410092F8DD /* Release */ = {
			isa = XCBuildConfiguration;
			baseConfigurationReference = C4D758DB25427B22D989AC05 /* Pods-RoomRent.release.xcconfig */;
			buildSettings = {
				ASSETCATALOG_COMPILER_APPICON_NAME = AppIcon;
				CLANG_ENABLE_MODULES = YES;
				INFOPLIST_FILE = RoomRent/Info.plist;
				LD_RUNPATH_SEARCH_PATHS = "$(inherited) @executable_path/Frameworks";
				PRODUCT_BUNDLE_IDENTIFIER = com.heuju.RoomRent;
				PRODUCT_NAME = "$(TARGET_NAME)";
				SWIFT_VERSION = 3.0;
			};
			name = Release;
		};
/* End XCBuildConfiguration section */

/* Begin XCConfigurationList section */
		DAA3BE841E8CF9410092F8DD /* Build configuration list for PBXProject "RoomRent" */ = {
			isa = XCConfigurationList;
			buildConfigurations = (
				DAA3BE9E1E8CF9410092F8DD /* Debug */,
				DAA3BE9F1E8CF9410092F8DD /* Release */,
			);
			defaultConfigurationIsVisible = 0;
			defaultConfigurationName = Release;
		};
		DAA3BEA01E8CF9410092F8DD /* Build configuration list for PBXNativeTarget "RoomRent" */ = {
			isa = XCConfigurationList;
			buildConfigurations = (
				DAA3BEA11E8CF9410092F8DD /* Debug */,
				DAA3BEA21E8CF9410092F8DD /* Release */,
			);
			defaultConfigurationIsVisible = 0;
			defaultConfigurationName = Release;
		};
/* End XCConfigurationList section */
	};
	rootObject = DAA3BE811E8CF9410092F8DD /* Project object */;
}
